// !$*UTF8*$!
{
	archiveVersion = 1;
	classes = {
	};
	objectVersion = 48;
	objects = {

/* Begin PBXBuildFile section */
		8E6DF23D206D17CD007D300E /* 5_3_1.csv in Resources */ = {isa = PBXBuildFile; fileRef = 8E6DF23C206D17CC007D300E /* 5_3_1.csv */; };
		8E6DF241206D1BAF007D300E /* STRONGLIFT5X5.csv in Resources */ = {isa = PBXBuildFile; fileRef = 8E6DF240206D1BAF007D300E /* STRONGLIFT5X5.csv */; };
		8E6DF243206D2637007D300E /* wilksChart.png in Resources */ = {isa = PBXBuildFile; fileRef = 8E6DF242206D2637007D300E /* wilksChart.png */; };
		8E7384BE206C15DD00FD1FD6 /* DayTableViewCell.swift in Sources */ = {isa = PBXBuildFile; fileRef = 8E7384BD206C15DD00FD1FD6 /* DayTableViewCell.swift */; };
		8E82F55320645BE700E5183F /* CellTableViewController.swift in Sources */ = {isa = PBXBuildFile; fileRef = 8E82F55220645BE700E5183F /* CellTableViewController.swift */; };
		8E82F55720655AE700E5183F /* ViewControllerCell.swift in Sources */ = {isa = PBXBuildFile; fileRef = 8E82F55620655AE700E5183F /* ViewControllerCell.swift */; };
		8E82F55920655E5D00E5183F /* ViewControllerTableViewCell.swift in Sources */ = {isa = PBXBuildFile; fileRef = 8E82F55820655E5D00E5183F /* ViewControllerTableViewCell.swift */; };
		8E82F55B2069682800E5183F /* Workout.swift in Sources */ = {isa = PBXBuildFile; fileRef = 8E82F55A2069682800E5183F /* Workout.swift */; };
		8E82F55D20696DE700E5183F /* CANDITO.csv in Resources */ = {isa = PBXBuildFile; fileRef = 8E82F55C20696DE700E5183F /* CANDITO.csv */; };
		8EB3DA8E205B7318007DC148 /* ThirdViewController.swift in Sources */ = {isa = PBXBuildFile; fileRef = 8EB3DA8D205B7318007DC148 /* ThirdViewController.swift */; };
		8EB3DA90205B7351007DC148 /* FourthViewController.swift in Sources */ = {isa = PBXBuildFile; fileRef = 8EB3DA8F205B7351007DC148 /* FourthViewController.swift */; };
		8EB3DA92205C1825007DC148 /* User.swift in Sources */ = {isa = PBXBuildFile; fileRef = 8EB3DA91205C1825007DC148 /* User.swift */; };
		8ED6C2B0206C8485000BC24D /* insideDayViewController.swift in Sources */ = {isa = PBXBuildFile; fileRef = 8ED6C2AF206C8485000BC24D /* insideDayViewController.swift */; };
		8ED6C2B2206C9F66000BC24D /* InsideDayTableViewCell.swift in Sources */ = {isa = PBXBuildFile; fileRef = 8ED6C2B1206C9F66000BC24D /* InsideDayTableViewCell.swift */; };
		8EFD689C2058622400BD51E2 /* AppDelegate.swift in Sources */ = {isa = PBXBuildFile; fileRef = 8EFD689B2058622400BD51E2 /* AppDelegate.swift */; };
		8EFD689E2058622400BD51E2 /* FirstViewController.swift in Sources */ = {isa = PBXBuildFile; fileRef = 8EFD689D2058622400BD51E2 /* FirstViewController.swift */; };
		8EFD68A02058622400BD51E2 /* SecondViewController.swift in Sources */ = {isa = PBXBuildFile; fileRef = 8EFD689F2058622400BD51E2 /* SecondViewController.swift */; };
		8EFD68A32058622400BD51E2 /* Main.storyboard in Resources */ = {isa = PBXBuildFile; fileRef = 8EFD68A12058622400BD51E2 /* Main.storyboard */; };
		8EFD68A52058622400BD51E2 /* Assets.xcassets in Resources */ = {isa = PBXBuildFile; fileRef = 8EFD68A42058622400BD51E2 /* Assets.xcassets */; };
		8EFD68A82058622400BD51E2 /* LaunchScreen.storyboard in Resources */ = {isa = PBXBuildFile; fileRef = 8EFD68A62058622400BD51E2 /* LaunchScreen.storyboard */; };
		8EFD68B32058622400BD51E2 /* PowerPalTests.swift in Sources */ = {isa = PBXBuildFile; fileRef = 8EFD68B22058622400BD51E2 /* PowerPalTests.swift */; };
		8EFD68BE2058622400BD51E2 /* PowerPalUITests.swift in Sources */ = {isa = PBXBuildFile; fileRef = 8EFD68BD2058622400BD51E2 /* PowerPalUITests.swift */; };
		C59803F32190D7832776F27A /* Pods_PowerPal.framework in Frameworks */ = {isa = PBXBuildFile; fileRef = DF0659350B114192E028BAE5 /* Pods_PowerPal.framework */; };
/* End PBXBuildFile section */

/* Begin PBXContainerItemProxy section */
		8EFD68AF2058622400BD51E2 /* PBXContainerItemProxy */ = {
			isa = PBXContainerItemProxy;
			containerPortal = 8EFD68902058622300BD51E2 /* Project object */;
			proxyType = 1;
			remoteGlobalIDString = 8EFD68972058622300BD51E2;
			remoteInfo = PowerPal;
		};
		8EFD68BA2058622400BD51E2 /* PBXContainerItemProxy */ = {
			isa = PBXContainerItemProxy;
			containerPortal = 8EFD68902058622300BD51E2 /* Project object */;
			proxyType = 1;
			remoteGlobalIDString = 8EFD68972058622300BD51E2;
			remoteInfo = PowerPal;
		};
/* End PBXContainerItemProxy section */

/* Begin PBXFileReference section */
		2944913ED01F98BD3DFBB6F1 /* Pods-PowerPal.debug.xcconfig */ = {isa = PBXFileReference; includeInIndex = 1; lastKnownFileType = text.xcconfig; name = "Pods-PowerPal.debug.xcconfig"; path = "Pods/Target Support Files/Pods-PowerPal/Pods-PowerPal.debug.xcconfig"; sourceTree = "<group>"; };
		8E6DF23C206D17CC007D300E /* 5_3_1.csv */ = {isa = PBXFileReference; fileEncoding = 4; lastKnownFileType = text; path = 5_3_1.csv; sourceTree = "<group>"; };
		8E6DF240206D1BAF007D300E /* STRONGLIFT5X5.csv */ = {isa = PBXFileReference; fileEncoding = 4; lastKnownFileType = text; path = STRONGLIFT5X5.csv; sourceTree = "<group>"; };
		8E6DF242206D2637007D300E /* wilksChart.png */ = {isa = PBXFileReference; lastKnownFileType = image.png; path = wilksChart.png; sourceTree = "<group>"; };
		8E7384BD206C15DD00FD1FD6 /* DayTableViewCell.swift */ = {isa = PBXFileReference; lastKnownFileType = sourcecode.swift; name = DayTableViewCell.swift; path = /Users/averyspeller/Documents/school/4500/A4/PowerPal/PowerPal/DayTableViewCell.swift; sourceTree = "<absolute>"; };
		8E82F55220645BE700E5183F /* CellTableViewController.swift */ = {isa = PBXFileReference; lastKnownFileType = sourcecode.swift; path = CellTableViewController.swift; sourceTree = "<group>"; };
		8E82F55620655AE700E5183F /* ViewControllerCell.swift */ = {isa = PBXFileReference; lastKnownFileType = sourcecode.swift; path = ViewControllerCell.swift; sourceTree = "<group>"; };
		8E82F55820655E5D00E5183F /* ViewControllerTableViewCell.swift */ = {isa = PBXFileReference; lastKnownFileType = sourcecode.swift; path = ViewControllerTableViewCell.swift; sourceTree = "<group>"; };
		8E82F55A2069682800E5183F /* Workout.swift */ = {isa = PBXFileReference; lastKnownFileType = sourcecode.swift; path = Workout.swift; sourceTree = "<group>"; };
		8E82F55C20696DE700E5183F /* CANDITO.csv */ = {isa = PBXFileReference; fileEncoding = 4; lastKnownFileType = text; path = CANDITO.csv; sourceTree = "<group>"; };
		8EB3DA8D205B7318007DC148 /* ThirdViewController.swift */ = {isa = PBXFileReference; lastKnownFileType = sourcecode.swift; path = ThirdViewController.swift; sourceTree = "<group>"; };
		8EB3DA8F205B7351007DC148 /* FourthViewController.swift */ = {isa = PBXFileReference; lastKnownFileType = sourcecode.swift; path = FourthViewController.swift; sourceTree = "<group>"; };
		8EB3DA91205C1825007DC148 /* User.swift */ = {isa = PBXFileReference; lastKnownFileType = sourcecode.swift; path = User.swift; sourceTree = "<group>"; };
		8ED6C2AF206C8485000BC24D /* insideDayViewController.swift */ = {isa = PBXFileReference; lastKnownFileType = sourcecode.swift; path = insideDayViewController.swift; sourceTree = "<group>"; };
		8ED6C2B1206C9F66000BC24D /* InsideDayTableViewCell.swift */ = {isa = PBXFileReference; lastKnownFileType = sourcecode.swift; path = InsideDayTableViewCell.swift; sourceTree = "<group>"; };
		8EFD68982058622300BD51E2 /* PowerPal.app */ = {isa = PBXFileReference; explicitFileType = wrapper.application; includeInIndex = 0; path = PowerPal.app; sourceTree = BUILT_PRODUCTS_DIR; };
		8EFD689B2058622400BD51E2 /* AppDelegate.swift */ = {isa = PBXFileReference; lastKnownFileType = sourcecode.swift; path = AppDelegate.swift; sourceTree = "<group>"; };
		8EFD689D2058622400BD51E2 /* FirstViewController.swift */ = {isa = PBXFileReference; lastKnownFileType = sourcecode.swift; path = FirstViewController.swift; sourceTree = "<group>"; };
		8EFD689F2058622400BD51E2 /* SecondViewController.swift */ = {isa = PBXFileReference; lastKnownFileType = sourcecode.swift; path = SecondViewController.swift; sourceTree = "<group>"; };
		8EFD68A22058622400BD51E2 /* Base */ = {isa = PBXFileReference; lastKnownFileType = file.storyboard; name = Base; path = Base.lproj/Main.storyboard; sourceTree = "<group>"; };
		8EFD68A42058622400BD51E2 /* Assets.xcassets */ = {isa = PBXFileReference; lastKnownFileType = folder.assetcatalog; path = Assets.xcassets; sourceTree = "<group>"; };
		8EFD68A72058622400BD51E2 /* Base */ = {isa = PBXFileReference; lastKnownFileType = file.storyboard; name = Base; path = Base.lproj/LaunchScreen.storyboard; sourceTree = "<group>"; };
		8EFD68A92058622400BD51E2 /* Info.plist */ = {isa = PBXFileReference; lastKnownFileType = text.plist.xml; path = Info.plist; sourceTree = "<group>"; };
		8EFD68AE2058622400BD51E2 /* PowerPalTests.xctest */ = {isa = PBXFileReference; explicitFileType = wrapper.cfbundle; includeInIndex = 0; path = PowerPalTests.xctest; sourceTree = BUILT_PRODUCTS_DIR; };
		8EFD68B22058622400BD51E2 /* PowerPalTests.swift */ = {isa = PBXFileReference; lastKnownFileType = sourcecode.swift; path = PowerPalTests.swift; sourceTree = "<group>"; };
		8EFD68B42058622400BD51E2 /* Info.plist */ = {isa = PBXFileReference; lastKnownFileType = text.plist.xml; path = Info.plist; sourceTree = "<group>"; };
		8EFD68B92058622400BD51E2 /* PowerPalUITests.xctest */ = {isa = PBXFileReference; explicitFileType = wrapper.cfbundle; includeInIndex = 0; path = PowerPalUITests.xctest; sourceTree = BUILT_PRODUCTS_DIR; };
		8EFD68BD2058622400BD51E2 /* PowerPalUITests.swift */ = {isa = PBXFileReference; lastKnownFileType = sourcecode.swift; path = PowerPalUITests.swift; sourceTree = "<group>"; };
		8EFD68BF2058622400BD51E2 /* Info.plist */ = {isa = PBXFileReference; lastKnownFileType = text.plist.xml; path = Info.plist; sourceTree = "<group>"; };
		DF0659350B114192E028BAE5 /* Pods_PowerPal.framework */ = {isa = PBXFileReference; explicitFileType = wrapper.framework; includeInIndex = 0; path = Pods_PowerPal.framework; sourceTree = BUILT_PRODUCTS_DIR; };
		F88C915D8B8908538F7B6DB6 /* Pods-PowerPal.release.xcconfig */ = {isa = PBXFileReference; includeInIndex = 1; lastKnownFileType = text.xcconfig; name = "Pods-PowerPal.release.xcconfig"; path = "Pods/Target Support Files/Pods-PowerPal/Pods-PowerPal.release.xcconfig"; sourceTree = "<group>"; };
/* End PBXFileReference section */

/* Begin PBXFrameworksBuildPhase section */
		8EFD68952058622300BD51E2 /* Frameworks */ = {
			isa = PBXFrameworksBuildPhase;
			buildActionMask = 2147483647;
			files = (
				C59803F32190D7832776F27A /* Pods_PowerPal.framework in Frameworks */,
			);
			runOnlyForDeploymentPostprocessing = 0;
		};
		8EFD68AB2058622400BD51E2 /* Frameworks */ = {
			isa = PBXFrameworksBuildPhase;
			buildActionMask = 2147483647;
			files = (
			);
			runOnlyForDeploymentPostprocessing = 0;
		};
		8EFD68B62058622400BD51E2 /* Frameworks */ = {
			isa = PBXFrameworksBuildPhase;
			buildActionMask = 2147483647;
			files = (
			);
			runOnlyForDeploymentPostprocessing = 0;
		};
/* End PBXFrameworksBuildPhase section */

/* Begin PBXGroup section */
		43119BCA7866CFFEE46F5347 /* Pods */ = {
			isa = PBXGroup;
			children = (
				2944913ED01F98BD3DFBB6F1 /* Pods-PowerPal.debug.xcconfig */,
				F88C915D8B8908538F7B6DB6 /* Pods-PowerPal.release.xcconfig */,
			);
			name = Pods;
			sourceTree = "<group>";
		};
		8EFD688F2058622300BD51E2 = {
			isa = PBXGroup;
			children = (
				8E82F55220645BE700E5183F /* CellTableViewController.swift */,
				8EFD689A2058622300BD51E2 /* PowerPal */,
				8EFD68B12058622400BD51E2 /* PowerPalTests */,
				8EFD68BC2058622400BD51E2 /* PowerPalUITests */,
				8EFD68992058622300BD51E2 /* Products */,
				43119BCA7866CFFEE46F5347 /* Pods */,
				FDACD047D59E85C46D2E94C4 /* Frameworks */,
			);
			sourceTree = "<group>";
		};
		8EFD68992058622300BD51E2 /* Products */ = {
			isa = PBXGroup;
			children = (
				8EFD68982058622300BD51E2 /* PowerPal.app */,
				8EFD68AE2058622400BD51E2 /* PowerPalTests.xctest */,
				8EFD68B92058622400BD51E2 /* PowerPalUITests.xctest */,
			);
			name = Products;
			sourceTree = "<group>";
		};
		8EFD689A2058622300BD51E2 /* PowerPal */ = {
			isa = PBXGroup;
			children = (
				8E6DF240206D1BAF007D300E /* STRONGLIFT5X5.csv */,
				8E6DF23C206D17CC007D300E /* 5_3_1.csv */,
				8E82F55C20696DE700E5183F /* CANDITO.csv */,
				8E7384BD206C15DD00FD1FD6 /* DayTableViewCell.swift */,
				8E82F55620655AE700E5183F /* ViewControllerCell.swift */,
				8E82F55820655E5D00E5183F /* ViewControllerTableViewCell.swift */,
				8EFD689B2058622400BD51E2 /* AppDelegate.swift */,
				8EFD689D2058622400BD51E2 /* FirstViewController.swift */,
				8EFD689F2058622400BD51E2 /* SecondViewController.swift */,
				8EB3DA8D205B7318007DC148 /* ThirdViewController.swift */,
				8E6DF242206D2637007D300E /* wilksChart.png */,
				8EB3DA8F205B7351007DC148 /* FourthViewController.swift */,
				8EB3DA91205C1825007DC148 /* User.swift */,
				8E82F55A2069682800E5183F /* Workout.swift */,
				8EFD68A12058622400BD51E2 /* Main.storyboard */,
				8ED6C2AF206C8485000BC24D /* insideDayViewController.swift */,
				8ED6C2B1206C9F66000BC24D /* InsideDayTableViewCell.swift */,
				8EFD68A42058622400BD51E2 /* Assets.xcassets */,
				8EFD68A62058622400BD51E2 /* LaunchScreen.storyboard */,
				8EFD68A92058622400BD51E2 /* Info.plist */,
			);
			path = PowerPal;
			sourceTree = "<group>";
		};
		8EFD68B12058622400BD51E2 /* PowerPalTests */ = {
			isa = PBXGroup;
			children = (
				8EFD68B22058622400BD51E2 /* PowerPalTests.swift */,
				8EFD68B42058622400BD51E2 /* Info.plist */,
			);
			path = PowerPalTests;
			sourceTree = "<group>";
		};
		8EFD68BC2058622400BD51E2 /* PowerPalUITests */ = {
			isa = PBXGroup;
			children = (
				8EFD68BD2058622400BD51E2 /* PowerPalUITests.swift */,
				8EFD68BF2058622400BD51E2 /* Info.plist */,
			);
			path = PowerPalUITests;
			sourceTree = "<group>";
		};
		FDACD047D59E85C46D2E94C4 /* Frameworks */ = {
			isa = PBXGroup;
			children = (
				DF0659350B114192E028BAE5 /* Pods_PowerPal.framework */,
			);
			name = Frameworks;
			sourceTree = "<group>";
		};
/* End PBXGroup section */

/* Begin PBXNativeTarget section */
		8EFD68972058622300BD51E2 /* PowerPal */ = {
			isa = PBXNativeTarget;
			buildConfigurationList = 8EFD68C22058622400BD51E2 /* Build configuration list for PBXNativeTarget "PowerPal" */;
			buildPhases = (
				3BEF578D702DFA9CC2DEA0AF /* [CP] Check Pods Manifest.lock */,
				8EFD68942058622300BD51E2 /* Sources */,
				8EFD68952058622300BD51E2 /* Frameworks */,
				8EFD68962058622300BD51E2 /* Resources */,
				7E47008B34E5693A91778892 /* [CP] Embed Pods Frameworks */,
				276886F7DB0CA220793FB43F /* [CP] Copy Pods Resources */,
			);
			buildRules = (
			);
			dependencies = (
			);
			name = PowerPal;
			productName = PowerPal;
			productReference = 8EFD68982058622300BD51E2 /* PowerPal.app */;
			productType = "com.apple.product-type.application";
		};
		8EFD68AD2058622400BD51E2 /* PowerPalTests */ = {
			isa = PBXNativeTarget;
			buildConfigurationList = 8EFD68C52058622400BD51E2 /* Build configuration list for PBXNativeTarget "PowerPalTests" */;
			buildPhases = (
				8EFD68AA2058622400BD51E2 /* Sources */,
				8EFD68AB2058622400BD51E2 /* Frameworks */,
				8EFD68AC2058622400BD51E2 /* Resources */,
			);
			buildRules = (
			);
			dependencies = (
				8EFD68B02058622400BD51E2 /* PBXTargetDependency */,
			);
			name = PowerPalTests;
			productName = PowerPalTests;
			productReference = 8EFD68AE2058622400BD51E2 /* PowerPalTests.xctest */;
			productType = "com.apple.product-type.bundle.unit-test";
		};
		8EFD68B82058622400BD51E2 /* PowerPalUITests */ = {
			isa = PBXNativeTarget;
			buildConfigurationList = 8EFD68C82058622400BD51E2 /* Build configuration list for PBXNativeTarget "PowerPalUITests" */;
			buildPhases = (
				8EFD68B52058622400BD51E2 /* Sources */,
				8EFD68B62058622400BD51E2 /* Frameworks */,
				8EFD68B72058622400BD51E2 /* Resources */,
			);
			buildRules = (
			);
			dependencies = (
				8EFD68BB2058622400BD51E2 /* PBXTargetDependency */,
			);
			name = PowerPalUITests;
			productName = PowerPalUITests;
			productReference = 8EFD68B92058622400BD51E2 /* PowerPalUITests.xctest */;
			productType = "com.apple.product-type.bundle.ui-testing";
		};
/* End PBXNativeTarget section */

/* Begin PBXProject section */
		8EFD68902058622300BD51E2 /* Project object */ = {
			isa = PBXProject;
			attributes = {
				LastSwiftUpdateCheck = 0920;
				LastUpgradeCheck = 0920;
				ORGANIZATIONNAME = "Avery Speller";
				TargetAttributes = {
					8EFD68972058622300BD51E2 = {
						CreatedOnToolsVersion = 9.2;
						ProvisioningStyle = Automatic;
					};
					8EFD68AD2058622400BD51E2 = {
						CreatedOnToolsVersion = 9.2;
						ProvisioningStyle = Automatic;
						TestTargetID = 8EFD68972058622300BD51E2;
					};
					8EFD68B82058622400BD51E2 = {
						CreatedOnToolsVersion = 9.2;
						ProvisioningStyle = Automatic;
						TestTargetID = 8EFD68972058622300BD51E2;
					};
				};
			};
			buildConfigurationList = 8EFD68932058622300BD51E2 /* Build configuration list for PBXProject "PowerPal" */;
			compatibilityVersion = "Xcode 8.0";
			developmentRegion = en;
			hasScannedForEncodings = 0;
			knownRegions = (
				en,
				Base,
			);
			mainGroup = 8EFD688F2058622300BD51E2;
			productRefGroup = 8EFD68992058622300BD51E2 /* Products */;
			projectDirPath = "";
			projectRoot = "";
			targets = (
				8EFD68972058622300BD51E2 /* PowerPal */,
				8EFD68AD2058622400BD51E2 /* PowerPalTests */,
				8EFD68B82058622400BD51E2 /* PowerPalUITests */,
			);
		};
/* End PBXProject section */

/* Begin PBXResourcesBuildPhase section */
		8EFD68962058622300BD51E2 /* Resources */ = {
			isa = PBXResourcesBuildPhase;
			buildActionMask = 2147483647;
			files = (
				8EFD68A82058622400BD51E2 /* LaunchScreen.storyboard in Resources */,
				8E6DF241206D1BAF007D300E /* STRONGLIFT5X5.csv in Resources */,
				8EFD68A52058622400BD51E2 /* Assets.xcassets in Resources */,
				8EFD68A32058622400BD51E2 /* Main.storyboard in Resources */,
				8E6DF23D206D17CD007D300E /* 5_3_1.csv in Resources */,
				8E6DF243206D2637007D300E /* wilksChart.png in Resources */,
				8E82F55D20696DE700E5183F /* CANDITO.csv in Resources */,
			);
			runOnlyForDeploymentPostprocessing = 0;
		};
		8EFD68AC2058622400BD51E2 /* Resources */ = {
			isa = PBXResourcesBuildPhase;
			buildActionMask = 2147483647;
			files = (
			);
			runOnlyForDeploymentPostprocessing = 0;
		};
		8EFD68B72058622400BD51E2 /* Resources */ = {
			isa = PBXResourcesBuildPhase;
			buildActionMask = 2147483647;
			files = (
			);
			runOnlyForDeploymentPostprocessing = 0;
		};
/* End PBXResourcesBuildPhase section */

/* Begin PBXShellScriptBuildPhase section */
		276886F7DB0CA220793FB43F /* [CP] Copy Pods Resources */ = {
			isa = PBXShellScriptBuildPhase;
			buildActionMask = 2147483647;
			files = (
			);
			inputPaths = (
			);
			name = "[CP] Copy Pods Resources";
			outputPaths = (
			);
			runOnlyForDeploymentPostprocessing = 0;
			shellPath = /bin/sh;
			shellScript = "\"${SRCROOT}/Pods/Target Support Files/Pods-PowerPal/Pods-PowerPal-resources.sh\"\n";
			showEnvVarsInLog = 0;
		};
		3BEF578D702DFA9CC2DEA0AF /* [CP] Check Pods Manifest.lock */ = {
			isa = PBXShellScriptBuildPhase;
			buildActionMask = 2147483647;
			files = (
			);
			inputPaths = (
				"${PODS_PODFILE_DIR_PATH}/Podfile.lock",
				"${PODS_ROOT}/Manifest.lock",
			);
			name = "[CP] Check Pods Manifest.lock";
			outputPaths = (
				"$(DERIVED_FILE_DIR)/Pods-PowerPal-checkManifestLockResult.txt",
			);
			runOnlyForDeploymentPostprocessing = 0;
			shellPath = /bin/sh;
			shellScript = "diff \"${PODS_PODFILE_DIR_PATH}/Podfile.lock\" \"${PODS_ROOT}/Manifest.lock\" > /dev/null\nif [ $? != 0 ] ; then\n    # print error to STDERR\n    echo \"error: The sandbox is not in sync with the Podfile.lock. Run 'pod install' or update your CocoaPods installation.\" >&2\n    exit 1\nfi\n# This output is used by Xcode 'outputs' to avoid re-running this script phase.\necho \"SUCCESS\" > \"${SCRIPT_OUTPUT_FILE_0}\"\n";
			showEnvVarsInLog = 0;
		};
		7E47008B34E5693A91778892 /* [CP] Embed Pods Frameworks */ = {
			isa = PBXShellScriptBuildPhase;
			buildActionMask = 2147483647;
			files = (
			);
			inputPaths = (
				"${SRCROOT}/Pods/Target Support Files/Pods-PowerPal/Pods-PowerPal-frameworks.sh",
				"${BUILT_PRODUCTS_DIR}/Charts/Charts.framework",
			);
			name = "[CP] Embed Pods Frameworks";
			outputPaths = (
				"${TARGET_BUILD_DIR}/${FRAMEWORKS_FOLDER_PATH}/Charts.framework",
			);
			runOnlyForDeploymentPostprocessing = 0;
			shellPath = /bin/sh;
			shellScript = "\"${SRCROOT}/Pods/Target Support Files/Pods-PowerPal/Pods-PowerPal-frameworks.sh\"\n";
			showEnvVarsInLog = 0;
		};
/* End PBXShellScriptBuildPhase section */

/* Begin PBXSourcesBuildPhase section */
		8EFD68942058622300BD51E2 /* Sources */ = {
			isa = PBXSourcesBuildPhase;
			buildActionMask = 2147483647;
			files = (
				8EFD68A02058622400BD51E2 /* SecondViewController.swift in Sources */,
				8EFD689C2058622400BD51E2 /* AppDelegate.swift in Sources */,
				8EB3DA92205C1825007DC148 /* User.swift in Sources */,
				8E82F55B2069682800E5183F /* Workout.swift in Sources */,
				8ED6C2B2206C9F66000BC24D /* InsideDayTableViewCell.swift in Sources */,
				8E82F55720655AE700E5183F /* ViewControllerCell.swift in Sources */,
				8ED6C2B0206C8485000BC24D /* insideDayViewController.swift in Sources */,
				8EB3DA8E205B7318007DC148 /* ThirdViewController.swift in Sources */,
				8EFD689E2058622400BD51E2 /* FirstViewController.swift in Sources */,
				8EB3DA90205B7351007DC148 /* FourthViewController.swift in Sources */,
				8E7384BE206C15DD00FD1FD6 /* DayTableViewCell.swift in Sources */,
				8E82F55320645BE700E5183F /* CellTableViewController.swift in Sources */,
				8E82F55920655E5D00E5183F /* ViewControllerTableViewCell.swift in Sources */,
			);
			runOnlyForDeploymentPostprocessing = 0;
		};
		8EFD68AA2058622400BD51E2 /* Sources */ = {
			isa = PBXSourcesBuildPhase;
			buildActionMask = 2147483647;
			files = (
				8EFD68B32058622400BD51E2 /* PowerPalTests.swift in Sources */,
			);
			runOnlyForDeploymentPostprocessing = 0;
		};
		8EFD68B52058622400BD51E2 /* Sources */ = {
			isa = PBXSourcesBuildPhase;
			buildActionMask = 2147483647;
			files = (
				8EFD68BE2058622400BD51E2 /* PowerPalUITests.swift in Sources */,
			);
			runOnlyForDeploymentPostprocessing = 0;
		};
/* End PBXSourcesBuildPhase section */

/* Begin PBXTargetDependency section */
		8EFD68B02058622400BD51E2 /* PBXTargetDependency */ = {
			isa = PBXTargetDependency;
			target = 8EFD68972058622300BD51E2 /* PowerPal */;
			targetProxy = 8EFD68AF2058622400BD51E2 /* PBXContainerItemProxy */;
		};
		8EFD68BB2058622400BD51E2 /* PBXTargetDependency */ = {
			isa = PBXTargetDependency;
			target = 8EFD68972058622300BD51E2 /* PowerPal */;
			targetProxy = 8EFD68BA2058622400BD51E2 /* PBXContainerItemProxy */;
		};
/* End PBXTargetDependency section */

/* Begin PBXVariantGroup section */
		8EFD68A12058622400BD51E2 /* Main.storyboard */ = {
			isa = PBXVariantGroup;
			children = (
				8EFD68A22058622400BD51E2 /* Base */,
			);
			name = Main.storyboard;
			sourceTree = "<group>";
		};
		8EFD68A62058622400BD51E2 /* LaunchScreen.storyboard */ = {
			isa = PBXVariantGroup;
			children = (
				8EFD68A72058622400BD51E2 /* Base */,
			);
			name = LaunchScreen.storyboard;
			sourceTree = "<group>";
		};
/* End PBXVariantGroup section */

/* Begin XCBuildConfiguration section */
		8EFD68C02058622400BD51E2 /* Debug */ = {
			isa = XCBuildConfiguration;
			buildSettings = {
				ALWAYS_SEARCH_USER_PATHS = NO;
				CLANG_ANALYZER_NONNULL = YES;
				CLANG_ANALYZER_NUMBER_OBJECT_CONVERSION = YES_AGGRESSIVE;
				CLANG_CXX_LANGUAGE_STANDARD = "gnu++14";
				CLANG_CXX_LIBRARY = "libc++";
				CLANG_ENABLE_MODULES = YES;
				CLANG_ENABLE_OBJC_ARC = YES;
				CLANG_WARN_BLOCK_CAPTURE_AUTORELEASING = YES;
				CLANG_WARN_BOOL_CONVERSION = YES;
				CLANG_WARN_COMMA = YES;
				CLANG_WARN_CONSTANT_CONVERSION = YES;
				CLANG_WARN_DIRECT_OBJC_ISA_USAGE = YES_ERROR;
				CLANG_WARN_DOCUMENTATION_COMMENTS = YES;
				CLANG_WARN_EMPTY_BODY = YES;
				CLANG_WARN_ENUM_CONVERSION = YES;
				CLANG_WARN_INFINITE_RECURSION = YES;
				CLANG_WARN_INT_CONVERSION = YES;
				CLANG_WARN_NON_LITERAL_NULL_CONVERSION = YES;
				CLANG_WARN_OBJC_LITERAL_CONVERSION = YES;
				CLANG_WARN_OBJC_ROOT_CLASS = YES_ERROR;
				CLANG_WARN_RANGE_LOOP_ANALYSIS = YES;
				CLANG_WARN_STRICT_PROTOTYPES = YES;
				CLANG_WARN_SUSPICIOUS_MOVE = YES;
				CLANG_WARN_UNGUARDED_AVAILABILITY = YES_AGGRESSIVE;
				CLANG_WARN_UNREACHABLE_CODE = YES;
				CLANG_WARN__DUPLICATE_METHOD_MATCH = YES;
				CODE_SIGN_IDENTITY = "iPhone Developer";
				COPY_PHASE_STRIP = NO;
				DEBUG_INFORMATION_FORMAT = dwarf;
				ENABLE_STRICT_OBJC_MSGSEND = YES;
				ENABLE_TESTABILITY = YES;
				GCC_C_LANGUAGE_STANDARD = gnu11;
				GCC_DYNAMIC_NO_PIC = NO;
				GCC_NO_COMMON_BLOCKS = YES;
				GCC_OPTIMIZATION_LEVEL = 0;
				GCC_PREPROCESSOR_DEFINITIONS = (
					"DEBUG=1",
					"$(inherited)",
				);
				GCC_WARN_64_TO_32_BIT_CONVERSION = YES;
				GCC_WARN_ABOUT_RETURN_TYPE = YES_ERROR;
				GCC_WARN_UNDECLARED_SELECTOR = YES;
				GCC_WARN_UNINITIALIZED_AUTOS = YES_AGGRESSIVE;
				GCC_WARN_UNUSED_FUNCTION = YES;
				GCC_WARN_UNUSED_VARIABLE = YES;
				IPHONEOS_DEPLOYMENT_TARGET = 11.2;
				MTL_ENABLE_DEBUG_INFO = YES;
				ONLY_ACTIVE_ARCH = YES;
				SDKROOT = iphoneos;
				SWIFT_ACTIVE_COMPILATION_CONDITIONS = DEBUG;
				SWIFT_OPTIMIZATION_LEVEL = "-Onone";
			};
			name = Debug;
		};
		8EFD68C12058622400BD51E2 /* Release */ = {
			isa = XCBuildConfiguration;
			buildSettings = {
				ALWAYS_SEARCH_USER_PATHS = NO;
				CLANG_ANALYZER_NONNULL = YES;
				CLANG_ANALYZER_NUMBER_OBJECT_CONVERSION = YES_AGGRESSIVE;
				CLANG_CXX_LANGUAGE_STANDARD = "gnu++14";
				CLANG_CXX_LIBRARY = "libc++";
				CLANG_ENABLE_MODULES = YES;
				CLANG_ENABLE_OBJC_ARC = YES;
				CLANG_WARN_BLOCK_CAPTURE_AUTORELEASING = YES;
				CLANG_WARN_BOOL_CONVERSION = YES;
				CLANG_WARN_COMMA = YES;
				CLANG_WARN_CONSTANT_CONVERSION = YES;
				CLANG_WARN_DIRECT_OBJC_ISA_USAGE = YES_ERROR;
				CLANG_WARN_DOCUMENTATION_COMMENTS = YES;
				CLANG_WARN_EMPTY_BODY = YES;
				CLANG_WARN_ENUM_CONVERSION = YES;
				CLANG_WARN_INFINITE_RECURSION = YES;
				CLANG_WARN_INT_CONVERSION = YES;
				CLANG_WARN_NON_LITERAL_NULL_CONVERSION = YES;
				CLANG_WARN_OBJC_LITERAL_CONVERSION = YES;
				CLANG_WARN_OBJC_ROOT_CLASS = YES_ERROR;
				CLANG_WARN_RANGE_LOOP_ANALYSIS = YES;
				CLANG_WARN_STRICT_PROTOTYPES = YES;
				CLANG_WARN_SUSPICIOUS_MOVE = YES;
				CLANG_WARN_UNGUARDED_AVAILABILITY = YES_AGGRESSIVE;
				CLANG_WARN_UNREACHABLE_CODE = YES;
				CLANG_WARN__DUPLICATE_METHOD_MATCH = YES;
				CODE_SIGN_IDENTITY = "iPhone Developer";
				COPY_PHASE_STRIP = NO;
				DEBUG_INFORMATION_FORMAT = "dwarf-with-dsym";
				ENABLE_NS_ASSERTIONS = NO;
				ENABLE_STRICT_OBJC_MSGSEND = YES;
				GCC_C_LANGUAGE_STANDARD = gnu11;
				GCC_NO_COMMON_BLOCKS = YES;
				GCC_WARN_64_TO_32_BIT_CONVERSION = YES;
				GCC_WARN_ABOUT_RETURN_TYPE = YES_ERROR;
				GCC_WARN_UNDECLARED_SELECTOR = YES;
				GCC_WARN_UNINITIALIZED_AUTOS = YES_AGGRESSIVE;
				GCC_WARN_UNUSED_FUNCTION = YES;
				GCC_WARN_UNUSED_VARIABLE = YES;
				IPHONEOS_DEPLOYMENT_TARGET = 11.2;
				MTL_ENABLE_DEBUG_INFO = NO;
				SDKROOT = iphoneos;
				SWIFT_OPTIMIZATION_LEVEL = "-Owholemodule";
				VALIDATE_PRODUCT = YES;
			};
			name = Release;
		};
		8EFD68C32058622400BD51E2 /* Debug */ = {
			isa = XCBuildConfiguration;
			baseConfigurationReference = 2944913ED01F98BD3DFBB6F1 /* Pods-PowerPal.debug.xcconfig */;
			buildSettings = {
				ASSETCATALOG_COMPILER_APPICON_NAME = AppIcon;
				CODE_SIGN_STYLE = Automatic;
				INFOPLIST_FILE = PowerPal/Info.plist;
				LD_RUNPATH_SEARCH_PATHS = "$(inherited) @executable_path/Frameworks";
				PRODUCT_BUNDLE_IDENTIFIER = "-500.PowerPal";
				PRODUCT_NAME = "$(TARGET_NAME)";
				SWIFT_VERSION = 4.0;
				TARGETED_DEVICE_FAMILY = "1,2";
			};
			name = Debug;
		};
		8EFD68C42058622400BD51E2 /* Release */ = {
			isa = XCBuildConfiguration;
			baseConfigurationReference = F88C915D8B8908538F7B6DB6 /* Pods-PowerPal.release.xcconfig */;
			buildSettings = {
				ASSETCATALOG_COMPILER_APPICON_NAME = AppIcon;
				CODE_SIGN_STYLE = Automatic;
				INFOPLIST_FILE = PowerPal/Info.plist;
				LD_RUNPATH_SEARCH_PATHS = "$(inherited) @executable_path/Frameworks";
				PRODUCT_BUNDLE_IDENTIFIER = "-500.PowerPal";
				PRODUCT_NAME = "$(TARGET_NAME)";
				SWIFT_VERSION = 4.0;
				TARGETED_DEVICE_FAMILY = "1,2";
			};
			name = Release;
		};
		8EFD68C62058622400BD51E2 /* Debug */ = {
			isa = XCBuildConfiguration;
			buildSettings = {
				ALWAYS_EMBED_SWIFT_STANDARD_LIBRARIES = YES;
				BUNDLE_LOADER = "$(TEST_HOST)";
				CODE_SIGN_STYLE = Automatic;
				INFOPLIST_FILE = PowerPalTests/Info.plist;
				LD_RUNPATH_SEARCH_PATHS = "$(inherited) @executable_path/Frameworks @loader_path/Frameworks";
				PRODUCT_BUNDLE_IDENTIFIER = "-500.PowerPalTests";
				PRODUCT_NAME = "$(TARGET_NAME)";
				SWIFT_VERSION = 4.0;
				TARGETED_DEVICE_FAMILY = "1,2";
				TEST_HOST = "$(BUILT_PRODUCTS_DIR)/PowerPal.app/PowerPal";
			};
			name = Debug;
		};
		8EFD68C72058622400BD51E2 /* Release */ = {
			isa = XCBuildConfiguration;
			buildSettings = {
				ALWAYS_EMBED_SWIFT_STANDARD_LIBRARIES = YES;
				BUNDLE_LOADER = "$(TEST_HOST)";
				CODE_SIGN_STYLE = Automatic;
				INFOPLIST_FILE = PowerPalTests/Info.plist;
				LD_RUNPATH_SEARCH_PATHS = "$(inherited) @executable_path/Frameworks @loader_path/Frameworks";
				PRODUCT_BUNDLE_IDENTIFIER = "-500.PowerPalTests";
				PRODUCT_NAME = "$(TARGET_NAME)";
				SWIFT_VERSION = 4.0;
				TARGETED_DEVICE_FAMILY = "1,2";
				TEST_HOST = "$(BUILT_PRODUCTS_DIR)/PowerPal.app/PowerPal";
			};
			name = Release;
		};
		8EFD68C92058622400BD51E2 /* Debug */ = {
			isa = XCBuildConfiguration;
			buildSettings = {
				ALWAYS_EMBED_SWIFT_STANDARD_LIBRARIES = YES;
				CODE_SIGN_STYLE = Automatic;
				INFOPLIST_FILE = PowerPalUITests/Info.plist;
				LD_RUNPATH_SEARCH_PATHS = "$(inherited) @executable_path/Frameworks @loader_path/Frameworks";
				PRODUCT_BUNDLE_IDENTIFIER = "-500.PowerPalUITests";
				PRODUCT_NAME = "$(TARGET_NAME)";
				SWIFT_VERSION = 4.0;
				TARGETED_DEVICE_FAMILY = "1,2";
				TEST_TARGET_NAME = PowerPal;
			};
			name = Debug;
		};
		8EFD68CA2058622400BD51E2 /* Release */ = {
			isa = XCBuildConfiguration;
			buildSettings = {
				ALWAYS_EMBED_SWIFT_STANDARD_LIBRARIES = YES;
				CODE_SIGN_STYLE = Automatic;
				INFOPLIST_FILE = PowerPalUITests/Info.plist;
				LD_RUNPATH_SEARCH_PATHS = "$(inherited) @executable_path/Frameworks @loader_path/Frameworks";
				PRODUCT_BUNDLE_IDENTIFIER = "-500.PowerPalUITests";
				PRODUCT_NAME = "$(TARGET_NAME)";
				SWIFT_VERSION = 4.0;
				TARGETED_DEVICE_FAMILY = "1,2";
				TEST_TARGET_NAME = PowerPal;
			};
			name = Release;
		};
/* End XCBuildConfiguration section */

/* Begin XCConfigurationList section */
		8EFD68932058622300BD51E2 /* Build configuration list for PBXProject "PowerPal" */ = {
			isa = XCConfigurationList;
			buildConfigurations = (
				8EFD68C02058622400BD51E2 /* Debug */,
				8EFD68C12058622400BD51E2 /* Release */,
			);
			defaultConfigurationIsVisible = 0;
			defaultConfigurationName = Release;
		};
		8EFD68C22058622400BD51E2 /* Build configuration list for PBXNativeTarget "PowerPal" */ = {
			isa = XCConfigurationList;
			buildConfigurations = (
				8EFD68C32058622400BD51E2 /* Debug */,
				8EFD68C42058622400BD51E2 /* Release */,
			);
			defaultConfigurationIsVisible = 0;
			defaultConfigurationName = Release;
		};
		8EFD68C52058622400BD51E2 /* Build configuration list for PBXNativeTarget "PowerPalTests" */ = {
			isa = XCConfigurationList;
			buildConfigurations = (
				8EFD68C62058622400BD51E2 /* Debug */,
				8EFD68C72058622400BD51E2 /* Release */,
			);
			defaultConfigurationIsVisible = 0;
			defaultConfigurationName = Release;
		};
		8EFD68C82058622400BD51E2 /* Build configuration list for PBXNativeTarget "PowerPalUITests" */ = {
			isa = XCConfigurationList;
			buildConfigurations = (
				8EFD68C92058622400BD51E2 /* Debug */,
				8EFD68CA2058622400BD51E2 /* Release */,
			);
			defaultConfigurationIsVisible = 0;
			defaultConfigurationName = Release;
		};
/* End XCConfigurationList section */
	};
	rootObject = 8EFD68902058622300BD51E2 /* Project object */;
}
